
Microsoft Visual Studio Solution File, Format Version 12.00
# Visual Studio Version 17
VisualStudioVersion = 17.4.33103.184
MinimumVisualStudioVersion = 10.0.40219.1
Project("{FAE04EC0-301F-11D3-BF4B-00C04F79EFBC}") = "BookRegistration", "BookRegistration\BookRegistration.csproj", "{C1912F9A-92F6-471D-A851-0E179979D329}"
EndProject
Global
	GlobalSection(SolutionConfigurationPlatforms) = preSolution
		Debug|Any CPU = Debug|Any CPU
		Release|Any CPU = Release|Any CPU
	EndGlobalSection
	GlobalSection(ProjectConfigurationPlatforms) = postSolution
		{C1912F9A-92F6-471D-A851-0E179979D329}.Debug|Any CPU.ActiveCfg = Debug|Any CPU
		{C1912F9A-92F6-471D-A851-0E179979D329}.Debug|Any CPU.Build.0 = Debug|Any CPU
		{C1912F9A-92F6-471D-A851-0E179979D329}.Release|Any CPU.ActiveCfg = Release|Any CPU
		{C1912F9A-92F6-471D-A851-0E179979D329}.Release|Any CPU.Build.0 = Release|Any CPU
	EndGlobalSection
	GlobalSection(SolutionProperties) = preSolution
		HideSolutionNode = FALSE
	EndGlobalSection
	GlobalSection(ExtensibilityGlobals) = postSolution
		SolutionGuid = {C6330B0D-744E-40A8-A073-C7DA5DAE5578}
	EndGlobalSection
EndGlobal
